# generated by rye
# use `rye lock` or `rye sync` to update this lockfile
#
# last locked with the following flags:
#   pre: false
#   features: []
#   all-features: false
#   with-sources: false
#   generate-hashes: false

-e file:.
absl-py==2.1.0
    # via backend
    # via tb-nightly
addict==2.4.0
    # via backend
    # via basicsr
altair==5.3.0
    # via backend
annotated-types==0.6.0
    # via backend
anyio==4.3.0
    # via backend
    # via starlette
    # via watchfiles
attrs==23.2.0
    # via backend
    # via cog
    # via jsonschema
    # via referencing
audioread==3.0.1
    # via backend
av==12.0.0
    # via backend
basicsr==1.4.2
    # via backend
blinker==1.7.0
    # via backend
cachetools==5.3.3
    # via backend
certifi==2022.12.7
    # via requests
cffi==1.16.0
    # via backend
    # via cryptography
charset-normalizer==2.1.1
    # via backend
    # via requests
click==8.1.7
    # via backend
    # via uvicorn
cog==0.9.6
    # via backend
contourpy==1.2.1
    # via backend
    # via matplotlib
cryptography==42.0.4
    # via backend
cycler==0.12.1
    # via backend
    # via matplotlib
decorator==5.1.1
    # via backend
distro==1.9.0
    # via backend
exceptiongroup==1.2.1
    # via anyio
    # via backend
face-alignment==1.3.5
    # via backend
facexlib==0.3.0
    # via backend
fastapi==0.98.0
    # via cog
filelock==3.13.1
    # via torch
    # via triton
filterpy==1.4.5
    # via facexlib
fonttools==4.51.0
    # via matplotlib
fsspec==2024.2.0
    # via torch
future==1.0.0
    # via basicsr
grpcio==1.64.0
    # via tb-nightly
h11==0.14.0
    # via uvicorn
httptools==0.6.1
    # via uvicorn
idna==3.4
    # via anyio
    # via requests
imageio==2.34.1
    # via scikit-image
importlib-metadata==7.1.0
    # via yapf
jinja2==3.1.3
    # via altair
    # via torch
jsonschema==4.22.0
    # via altair
jsonschema-specifications==2023.12.1
    # via jsonschema
kiwisolver==1.4.5
    # via matplotlib
lazy-loader==0.4
    # via scikit-image
llvmlite==0.42.0
    # via numba
lmdb==1.4.1
    # via basicsr
markdown==3.6
    # via tb-nightly
markupsafe==2.1.5
    # via jinja2
    # via werkzeug
matplotlib==3.9.0
    # via filterpy
mpmath==1.3.0
    # via sympy
networkx==3.2.1
    # via scikit-image
    # via torch
numba==0.59.1
    # via face-alignment
    # via facexlib
numpy==1.26.3
    # via altair
    # via basicsr
    # via contourpy
    # via face-alignment
    # via facexlib
    # via filterpy
    # via imageio
    # via matplotlib
    # via numba
    # via opencv-python
    # via pandas
    # via scikit-image
    # via scipy
    # via tb-nightly
    # via tifffile
    # via torchvision
nvidia-cublas-cu12==12.1.3.1
    # via nvidia-cudnn-cu12
    # via nvidia-cusolver-cu12
    # via torch
nvidia-cuda-cupti-cu12==12.1.105
    # via torch
nvidia-cuda-nvrtc-cu12==12.1.105
    # via torch
nvidia-cuda-runtime-cu12==12.1.105
    # via torch
nvidia-cudnn-cu12==8.9.2.26
    # via torch
nvidia-cufft-cu12==11.0.2.54
    # via torch
nvidia-curand-cu12==10.3.2.106
    # via torch
nvidia-cusolver-cu12==11.4.5.107
    # via torch
nvidia-cusparse-cu12==12.1.0.106
    # via nvidia-cusolver-cu12
    # via torch
nvidia-nccl-cu12==2.20.5
    # via torch
nvidia-nvjitlink-cu12==12.1.105
    # via nvidia-cusolver-cu12
    # via nvidia-cusparse-cu12
nvidia-nvtx-cu12==12.1.105
    # via torch
opencv-python==4.9.0.80
    # via basicsr
    # via face-alignment
    # via facexlib
packaging==22.0
    # via altair
    # via lazy-loader
    # via matplotlib
    # via scikit-image
pandas==2.2.2
    # via altair
pillow==10.2.0
    # via basicsr
    # via facexlib
    # via imageio
    # via matplotlib
    # via scikit-image
    # via torchvision
platformdirs==4.2.2
    # via yapf
protobuf==4.25.3
    # via tb-nightly
pycparser==2.22
    # via cffi
pydantic==1.10.15
    # via cog
    # via fastapi
pyparsing==3.1.2
    # via matplotlib
python-dateutil==2.9.0.post0
    # via matplotlib
    # via pandas
python-dotenv==1.0.1
    # via uvicorn
pytz==2024.1
    # via pandas
pyyaml==6.0.1
    # via basicsr
    # via cog
    # via uvicorn
referencing==0.35.1
    # via jsonschema
    # via jsonschema-specifications
requests==2.28.1
    # via basicsr
    # via cog
rpds-py==0.18.1
    # via jsonschema
    # via referencing
scikit-image==0.23.2
    # via basicsr
    # via face-alignment
scipy==1.13.1
    # via basicsr
    # via face-alignment
    # via facexlib
    # via filterpy
    # via scikit-image
setuptools==70.0.0
    # via tb-nightly
six==1.16.0
    # via python-dateutil
    # via tb-nightly
    # via torchvision
sniffio==1.3.1
    # via anyio
starlette==0.27.0
    # via fastapi
structlog==24.1.0
    # via cog
sympy==1.12
    # via torch
tb-nightly==2.17.0a20240520
    # via basicsr
tensorboard-data-server==0.7.2
    # via tb-nightly
tifffile==2024.5.22
    # via scikit-image
tomli==2.0.1
    # via yapf
toolz==0.12.1
    # via altair
torch==2.3.0+cu121
    # via basicsr
    # via face-alignment
    # via facexlib
    # via torchvision
torchvision==0.2.0
    # via basicsr
    # via facexlib
tqdm==4.64.1
    # via basicsr
    # via face-alignment
    # via facexlib
triton==2.3.0
    # via torch
typing-extensions==4.9.0
    # via altair
    # via anyio
    # via cog
    # via pydantic
    # via torch
    # via uvicorn
tzdata==2024.1
    # via pandas
urllib3==1.26.13
    # via requests
uvicorn==0.29.0
    # via cog
uvloop==0.19.0
    # via uvicorn
watchfiles==0.21.0
    # via uvicorn
websockets==12.0
    # via uvicorn
werkzeug==3.0.3
    # via tb-nightly
yapf==0.40.2
    # via basicsr
zipp==3.18.2
    # via importlib-metadata
